
Microsoft Visual Studio Solution File, Format Version 12.00
# Visual Studio Version 17
VisualStudioVersion = 17.4.33110.190
MinimumVisualStudioVersion = 10.0.40219.1
Project("{9A19103F-16F7-4668-BE54-9A1E7A4F7556}") = "RetroGameLibrary", "RetroGameLibrary.csproj", "{1E3B86D1-9827-4436-93BC-4908B77988D6}"
EndProject
Project("{9A19103F-16F7-4668-BE54-9A1E7A4F7556}") = "RetroGamesLibraryHelpers", "..\RetroGamesLibraryHelpers\RetroGamesLibraryHelpers.csproj", "{F8675E61-C174-4290-A917-CB3611250C30}"
EndProject
Project("{9A19103F-16F7-4668-BE54-9A1E7A4F7556}") = "RetroGameLibraryTests", "..\TestProject\RetroGameLibraryTests.csproj", "{FE7D345D-895F-4D50-A85E-F8560366DA1E}"
EndProject
Global
	GlobalSection(SolutionConfigurationPlatforms) = preSolution
		Debug|Any CPU = Debug|Any CPU
		Release|Any CPU = Release|Any CPU
	EndGlobalSection
	GlobalSection(ProjectConfigurationPlatforms) = postSolution
		{1E3B86D1-9827-4436-93BC-4908B77988D6}.Debug|Any CPU.ActiveCfg = Debug|Any CPU
		{1E3B86D1-9827-4436-93BC-4908B77988D6}.Debug|Any CPU.Build.0 = Debug|Any CPU
		{1E3B86D1-9827-4436-93BC-4908B77988D6}.Release|Any CPU.ActiveCfg = Release|Any CPU
		{1E3B86D1-9827-4436-93BC-4908B77988D6}.Release|Any CPU.Build.0 = Release|Any CPU
		{F8675E61-C174-4290-A917-CB3611250C30}.Debug|Any CPU.ActiveCfg = Debug|Any CPU
		{F8675E61-C174-4290-A917-CB3611250C30}.Debug|Any CPU.Build.0 = Debug|Any CPU
		{F8675E61-C174-4290-A917-CB3611250C30}.Release|Any CPU.ActiveCfg = Release|Any CPU
		{F8675E61-C174-4290-A917-CB3611250C30}.Release|Any CPU.Build.0 = Release|Any CPU
		{FE7D345D-895F-4D50-A85E-F8560366DA1E}.Debug|Any CPU.ActiveCfg = Debug|Any CPU
		{FE7D345D-895F-4D50-A85E-F8560366DA1E}.Debug|Any CPU.Build.0 = Debug|Any CPU
		{FE7D345D-895F-4D50-A85E-F8560366DA1E}.Release|Any CPU.ActiveCfg = Release|Any CPU
		{FE7D345D-895F-4D50-A85E-F8560366DA1E}.Release|Any CPU.Build.0 = Release|Any CPU
	EndGlobalSection
	GlobalSection(SolutionProperties) = preSolution
		HideSolutionNode = FALSE
	EndGlobalSection
	GlobalSection(ExtensibilityGlobals) = postSolution
		SolutionGuid = {29495958-0ED4-4A69-9D38-AA9C442CA1A7}
	EndGlobalSection
EndGlobal
